// !$*UTF8*$!
{
	archiveVersion = 1;
	classes = {
	};
	objectVersion = 56;
	objects = {

/* Begin PBXBuildFile section */
		1923A2F32AC09854000A3B01 /* Swavish_SoftwareApp.swift in Sources */ = {isa = PBXBuildFile; fileRef = 1923A2F22AC09854000A3B01 /* Swavish_SoftwareApp.swift */; };
		1923A2F52AC09854000A3B01 /* ContentView.swift in Sources */ = {isa = PBXBuildFile; fileRef = 1923A2F42AC09854000A3B01 /* ContentView.swift */; };
		1923A2F72AC09856000A3B01 /* Assets.xcassets in Resources */ = {isa = PBXBuildFile; fileRef = 1923A2F62AC09856000A3B01 /* Assets.xcassets */; };
		1923A2FA2AC09856000A3B01 /* Preview Assets.xcassets in Resources */ = {isa = PBXBuildFile; fileRef = 1923A2F92AC09856000A3B01 /* Preview Assets.xcassets */; };
		1923A3022AC0991B000A3B01 /* User.swift in Sources */ = {isa = PBXBuildFile; fileRef = 1923A3012AC0991B000A3B01 /* User.swift */; };
		1923A3052AC09977000A3B01 /* MainView.swift in Sources */ = {isa = PBXBuildFile; fileRef = 1923A3042AC09977000A3B01 /* MainView.swift */; };
		1923A3072AC09A22000A3B01 /* ProfileView.swift in Sources */ = {isa = PBXBuildFile; fileRef = 1923A3062AC09A22000A3B01 /* ProfileView.swift */; };
		1923A30A2AC09A90000A3B01 /* MainViewViewModel.swift in Sources */ = {isa = PBXBuildFile; fileRef = 1923A3092AC09A90000A3B01 /* MainViewViewModel.swift */; };
		1923A30C2AC09AB2000A3B01 /* ProfileViewViewModel.swift in Sources */ = {isa = PBXBuildFile; fileRef = 1923A30B2AC09AB2000A3B01 /* ProfileViewViewModel.swift */; };
		1923A30E2AC09AF5000A3B01 /* LoginViewViewModel.swift in Sources */ = {isa = PBXBuildFile; fileRef = 1923A30D2AC09AF5000A3B01 /* LoginViewViewModel.swift */; };
		1923A3102AC09B12000A3B01 /* RegisterViewViewModel.swift in Sources */ = {isa = PBXBuildFile; fileRef = 1923A30F2AC09B12000A3B01 /* RegisterViewViewModel.swift */; };
		1923A3132AC09B58000A3B01 /* Extensions.swift in Sources */ = {isa = PBXBuildFile; fileRef = 1923A3122AC09B58000A3B01 /* Extensions.swift */; };
		1923A3152AC09B69000A3B01 /* GoogleService-Info.plist in Resources */ = {isa = PBXBuildFile; fileRef = 1923A3142AC09B69000A3B01 /* GoogleService-Info.plist */; };
		1923A3172AC09B90000A3B01 /* TLButton.swift in Sources */ = {isa = PBXBuildFile; fileRef = 1923A3162AC09B90000A3B01 /* TLButton.swift */; };
		1923A3192AC09BB3000A3B01 /* RegisterationView.swift in Sources */ = {isa = PBXBuildFile; fileRef = 1923A3182AC09BB3000A3B01 /* RegisterationView.swift */; };
		1923A31C2AC09BDF000A3B01 /* FirebaseAuth in Frameworks */ = {isa = PBXBuildFile; productRef = 1923A31B2AC09BDF000A3B01 /* FirebaseAuth */; };
		1923A31E2AC09BDF000A3B01 /* FirebaseFirestore in Frameworks */ = {isa = PBXBuildFile; productRef = 1923A31D2AC09BDF000A3B01 /* FirebaseFirestore */; };
		1923A3202AC09BDF000A3B01 /* FirebaseFirestoreSwift in Frameworks */ = {isa = PBXBuildFile; productRef = 1923A31F2AC09BDF000A3B01 /* FirebaseFirestoreSwift */; };
		1923A3222AC09C71000A3B01 /* LoginView.swift in Sources */ = {isa = PBXBuildFile; fileRef = 1923A3212AC09C71000A3B01 /* LoginView.swift */; };
		19BE1E082AC138B300A43B2D /* FirebaseDatabase in Frameworks */ = {isa = PBXBuildFile; productRef = 19BE1E072AC138B300A43B2D /* FirebaseDatabase */; };
		19BE1E0A2AC138B300A43B2D /* FirebaseDatabaseSwift in Frameworks */ = {isa = PBXBuildFile; productRef = 19BE1E092AC138B300A43B2D /* FirebaseDatabaseSwift */; };
		19C5FBE52AC0A52000140DEA /* ImagePicker.swift in Sources */ = {isa = PBXBuildFile; fileRef = 19C5FBE42AC0A52000140DEA /* ImagePicker.swift */; };
		19C5FBE72AC0A6DA00140DEA /* ImageView.swift in Sources */ = {isa = PBXBuildFile; fileRef = 19C5FBE62AC0A6DA00140DEA /* ImageView.swift */; };
		19C5FBE92AC0A97800140DEA /* StorageManager.swift in Sources */ = {isa = PBXBuildFile; fileRef = 19C5FBE82AC0A97800140DEA /* StorageManager.swift */; };
/* End PBXBuildFile section */

/* Begin PBXFileReference section */
		1923A2EF2AC09854000A3B01 /* Swavish Software.app */ = {isa = PBXFileReference; explicitFileType = wrapper.application; includeInIndex = 0; path = "Swavish Software.app"; sourceTree = BUILT_PRODUCTS_DIR; };
		1923A2F22AC09854000A3B01 /* Swavish_SoftwareApp.swift */ = {isa = PBXFileReference; lastKnownFileType = sourcecode.swift; path = Swavish_SoftwareApp.swift; sourceTree = "<group>"; };
		1923A2F42AC09854000A3B01 /* ContentView.swift */ = {isa = PBXFileReference; lastKnownFileType = sourcecode.swift; path = ContentView.swift; sourceTree = "<group>"; };
		1923A2F62AC09856000A3B01 /* Assets.xcassets */ = {isa = PBXFileReference; lastKnownFileType = folder.assetcatalog; path = Assets.xcassets; sourceTree = "<group>"; };
		1923A2F92AC09856000A3B01 /* Preview Assets.xcassets */ = {isa = PBXFileReference; lastKnownFileType = folder.assetcatalog; path = "Preview Assets.xcassets"; sourceTree = "<group>"; };
		1923A3012AC0991B000A3B01 /* User.swift */ = {isa = PBXFileReference; lastKnownFileType = sourcecode.swift; path = User.swift; sourceTree = "<group>"; };
		1923A3042AC09977000A3B01 /* MainView.swift */ = {isa = PBXFileReference; lastKnownFileType = sourcecode.swift; path = MainView.swift; sourceTree = "<group>"; };
		1923A3062AC09A22000A3B01 /* ProfileView.swift */ = {isa = PBXFileReference; lastKnownFileType = sourcecode.swift; path = ProfileView.swift; sourceTree = "<group>"; };
		1923A3092AC09A90000A3B01 /* MainViewViewModel.swift */ = {isa = PBXFileReference; lastKnownFileType = sourcecode.swift; path = MainViewViewModel.swift; sourceTree = "<group>"; };
		1923A30B2AC09AB2000A3B01 /* ProfileViewViewModel.swift */ = {isa = PBXFileReference; lastKnownFileType = sourcecode.swift; path = ProfileViewViewModel.swift; sourceTree = "<group>"; };
		1923A30D2AC09AF5000A3B01 /* LoginViewViewModel.swift */ = {isa = PBXFileReference; lastKnownFileType = sourcecode.swift; path = LoginViewViewModel.swift; sourceTree = "<group>"; };
		1923A30F2AC09B12000A3B01 /* RegisterViewViewModel.swift */ = {isa = PBXFileReference; lastKnownFileType = sourcecode.swift; path = RegisterViewViewModel.swift; sourceTree = "<group>"; };
		1923A3122AC09B58000A3B01 /* Extensions.swift */ = {isa = PBXFileReference; lastKnownFileType = sourcecode.swift; path = Extensions.swift; sourceTree = "<group>"; };
		1923A3142AC09B69000A3B01 /* GoogleService-Info.plist */ = {isa = PBXFileReference; fileEncoding = 4; lastKnownFileType = text.plist.xml; path = "GoogleService-Info.plist"; sourceTree = "<group>"; };
		1923A3162AC09B90000A3B01 /* TLButton.swift */ = {isa = PBXFileReference; lastKnownFileType = sourcecode.swift; path = TLButton.swift; sourceTree = "<group>"; };
		1923A3182AC09BB3000A3B01 /* RegisterationView.swift */ = {isa = PBXFileReference; lastKnownFileType = sourcecode.swift; path = RegisterationView.swift; sourceTree = "<group>"; };
		1923A3212AC09C71000A3B01 /* LoginView.swift */ = {isa = PBXFileReference; lastKnownFileType = sourcecode.swift; path = LoginView.swift; sourceTree = "<group>"; };
		19C5FBE42AC0A52000140DEA /* ImagePicker.swift */ = {isa = PBXFileReference; lastKnownFileType = sourcecode.swift; path = ImagePicker.swift; sourceTree = "<group>"; };
		19C5FBE62AC0A6DA00140DEA /* ImageView.swift */ = {isa = PBXFileReference; lastKnownFileType = sourcecode.swift; path = ImageView.swift; sourceTree = "<group>"; };
		19C5FBE82AC0A97800140DEA /* StorageManager.swift */ = {isa = PBXFileReference; lastKnownFileType = sourcecode.swift; path = StorageManager.swift; sourceTree = "<group>"; };
/* End PBXFileReference section */

/* Begin PBXFrameworksBuildPhase section */
		1923A2EC2AC09854000A3B01 /* Frameworks */ = {
			isa = PBXFrameworksBuildPhase;
			buildActionMask = 2147483647;
			files = (
				19BE1E0A2AC138B300A43B2D /* FirebaseDatabaseSwift in Frameworks */,
				1923A31C2AC09BDF000A3B01 /* FirebaseAuth in Frameworks */,
				1923A31E2AC09BDF000A3B01 /* FirebaseFirestore in Frameworks */,
				19BE1E082AC138B300A43B2D /* FirebaseDatabase in Frameworks */,
				1923A3202AC09BDF000A3B01 /* FirebaseFirestoreSwift in Frameworks */,
			);
			runOnlyForDeploymentPostprocessing = 0;
		};
/* End PBXFrameworksBuildPhase section */

/* Begin PBXGroup section */
		1923A2E62AC09853000A3B01 = {
			isa = PBXGroup;
			children = (
				1923A2F12AC09854000A3B01 /* Swavish Software */,
				1923A2F02AC09854000A3B01 /* Products */,
				195093522AC0C8F200E2E00F /* Frameworks */,
			);
			sourceTree = "<group>";
		};
		1923A2F02AC09854000A3B01 /* Products */ = {
			isa = PBXGroup;
			children = (
				1923A2EF2AC09854000A3B01 /* Swavish Software.app */,
			);
			name = Products;
			sourceTree = "<group>";
		};
		1923A2F12AC09854000A3B01 /* Swavish Software */ = {
			isa = PBXGroup;
			children = (
				1923A3112AC09B44000A3B01 /* Others */,
				1923A2F42AC09854000A3B01 /* ContentView.swift */,
				1923A3082AC09A49000A3B01 /* ViewModel */,
				1923A3032AC09931000A3B01 /* View */,
				1923A3002AC09909000A3B01 /* Model */,
				1923A2F62AC09856000A3B01 /* Assets.xcassets */,
				1923A2F82AC09856000A3B01 /* Preview Content */,
			);
			path = "Swavish Software";
			sourceTree = "<group>";
		};
		1923A2F82AC09856000A3B01 /* Preview Content */ = {
			isa = PBXGroup;
			children = (
				1923A2F92AC09856000A3B01 /* Preview Assets.xcassets */,
			);
			path = "Preview Content";
			sourceTree = "<group>";
		};
		1923A3002AC09909000A3B01 /* Model */ = {
			isa = PBXGroup;
			children = (
				1923A3012AC0991B000A3B01 /* User.swift */,
			);
			path = Model;
			sourceTree = "<group>";
		};
		1923A3032AC09931000A3B01 /* View */ = {
			isa = PBXGroup;
			children = (
				1923A3042AC09977000A3B01 /* MainView.swift */,
				1923A3212AC09C71000A3B01 /* LoginView.swift */,
				1923A3062AC09A22000A3B01 /* ProfileView.swift */,
				1923A3162AC09B90000A3B01 /* TLButton.swift */,
				1923A3182AC09BB3000A3B01 /* RegisterationView.swift */,
				19C5FBE62AC0A6DA00140DEA /* ImageView.swift */,
			);
			path = View;
			sourceTree = "<group>";
		};
		1923A3082AC09A49000A3B01 /* ViewModel */ = {
			isa = PBXGroup;
			children = (
				1923A3092AC09A90000A3B01 /* MainViewViewModel.swift */,
				1923A30B2AC09AB2000A3B01 /* ProfileViewViewModel.swift */,
				1923A30D2AC09AF5000A3B01 /* LoginViewViewModel.swift */,
				1923A30F2AC09B12000A3B01 /* RegisterViewViewModel.swift */,
			);
			path = ViewModel;
			sourceTree = "<group>";
		};
		1923A3112AC09B44000A3B01 /* Others */ = {
			isa = PBXGroup;
			children = (
				1923A3142AC09B69000A3B01 /* GoogleService-Info.plist */,
				1923A2F22AC09854000A3B01 /* Swavish_SoftwareApp.swift */,
				1923A3122AC09B58000A3B01 /* Extensions.swift */,
				19C5FBE42AC0A52000140DEA /* ImagePicker.swift */,
				19C5FBE82AC0A97800140DEA /* StorageManager.swift */,
			);
			path = Others;
			sourceTree = "<group>";
		};
		195093522AC0C8F200E2E00F /* Frameworks */ = {
			isa = PBXGroup;
			children = (
			);
			name = Frameworks;
			sourceTree = "<group>";
		};
/* End PBXGroup section */

/* Begin PBXNativeTarget section */
		1923A2EE2AC09854000A3B01 /* Swavish Software */ = {
			isa = PBXNativeTarget;
			buildConfigurationList = 1923A2FD2AC09856000A3B01 /* Build configuration list for PBXNativeTarget "Swavish Software" */;
			buildPhases = (
				1923A2EB2AC09854000A3B01 /* Sources */,
				1923A2EC2AC09854000A3B01 /* Frameworks */,
				1923A2ED2AC09854000A3B01 /* Resources */,
			);
			buildRules = (
			);
			dependencies = (
			);
			name = "Swavish Software";
			packageProductDependencies = (
				1923A31B2AC09BDF000A3B01 /* FirebaseAuth */,
				1923A31D2AC09BDF000A3B01 /* FirebaseFirestore */,
				1923A31F2AC09BDF000A3B01 /* FirebaseFirestoreSwift */,
				19BE1E072AC138B300A43B2D /* FirebaseDatabase */,
				19BE1E092AC138B300A43B2D /* FirebaseDatabaseSwift */,
			);
			productName = "Swavish Software";
			productReference = 1923A2EF2AC09854000A3B01 /* Swavish Software.app */;
			productType = "com.apple.product-type.application";
		};
/* End PBXNativeTarget section */

/* Begin PBXProject section */
		1923A2E72AC09853000A3B01 /* Project object */ = {
			isa = PBXProject;
			attributes = {
				BuildIndependentTargetsInParallel = 1;
				LastSwiftUpdateCheck = 1420;
				LastUpgradeCheck = 1420;
				TargetAttributes = {
					1923A2EE2AC09854000A3B01 = {
						CreatedOnToolsVersion = 14.2;
					};
				};
			};
			buildConfigurationList = 1923A2EA2AC09853000A3B01 /* Build configuration list for PBXProject "Swavish Software" */;
			compatibilityVersion = "Xcode 14.0";
			developmentRegion = en;
			hasScannedForEncodings = 0;
			knownRegions = (
				en,
				Base,
			);
			mainGroup = 1923A2E62AC09853000A3B01;
			packageReferences = (
				1923A31A2AC09BDF000A3B01 /* XCRemoteSwiftPackageReference "firebase-ios-sdk" */,
			);
			productRefGroup = 1923A2F02AC09854000A3B01 /* Products */;
			projectDirPath = "";
			projectRoot = "";
			targets = (
				1923A2EE2AC09854000A3B01 /* Swavish Software */,
			);
		};
/* End PBXProject section */

/* Begin PBXResourcesBuildPhase section */
		1923A2ED2AC09854000A3B01 /* Resources */ = {
			isa = PBXResourcesBuildPhase;
			buildActionMask = 2147483647;
			files = (
				1923A2FA2AC09856000A3B01 /* Preview Assets.xcassets in Resources */,
				1923A2F72AC09856000A3B01 /* Assets.xcassets in Resources */,
				1923A3152AC09B69000A3B01 /* GoogleService-Info.plist in Resources */,
			);
			runOnlyForDeploymentPostprocessing = 0;
		};
/* End PBXResourcesBuildPhase section */

/* Begin PBXSourcesBuildPhase section */
		1923A2EB2AC09854000A3B01 /* Sources */ = {
			isa = PBXSourcesBuildPhase;
			buildActionMask = 2147483647;
			files = (
				19C5FBE72AC0A6DA00140DEA /* ImageView.swift in Sources */,
				1923A2F52AC09854000A3B01 /* ContentView.swift in Sources */,
				1923A3052AC09977000A3B01 /* MainView.swift in Sources */,
				1923A30A2AC09A90000A3B01 /* MainViewViewModel.swift in Sources */,
				1923A30E2AC09AF5000A3B01 /* LoginViewViewModel.swift in Sources */,
				19C5FBE52AC0A52000140DEA /* ImagePicker.swift in Sources */,
				1923A3072AC09A22000A3B01 /* ProfileView.swift in Sources */,
				1923A3172AC09B90000A3B01 /* TLButton.swift in Sources */,
				1923A3132AC09B58000A3B01 /* Extensions.swift in Sources */,
				1923A30C2AC09AB2000A3B01 /* ProfileViewViewModel.swift in Sources */,
				1923A2F32AC09854000A3B01 /* Swavish_SoftwareApp.swift in Sources */,
				1923A3192AC09BB3000A3B01 /* RegisterationView.swift in Sources */,
				1923A3222AC09C71000A3B01 /* LoginView.swift in Sources */,
				1923A3022AC0991B000A3B01 /* User.swift in Sources */,
				1923A3102AC09B12000A3B01 /* RegisterViewViewModel.swift in Sources */,
				19C5FBE92AC0A97800140DEA /* StorageManager.swift in Sources */,
			);
			runOnlyForDeploymentPostprocessing = 0;
		};
/* End PBXSourcesBuildPhase section */

/* Begin XCBuildConfiguration section */
		1923A2FB2AC09856000A3B01 /* Debug */ = {
			isa = XCBuildConfiguration;
			buildSettings = {
				ALWAYS_SEARCH_USER_PATHS = NO;
				CLANG_ANALYZER_NONNULL = YES;
				CLANG_ANALYZER_NUMBER_OBJECT_CONVERSION = YES_AGGRESSIVE;
				CLANG_CXX_LANGUAGE_STANDARD = "gnu++20";
				CLANG_ENABLE_MODULES = YES;
				CLANG_ENABLE_OBJC_ARC = YES;
				CLANG_ENABLE_OBJC_WEAK = YES;
				CLANG_WARN_BLOCK_CAPTURE_AUTORELEASING = YES;
				CLANG_WARN_BOOL_CONVERSION = YES;
				CLANG_WARN_COMMA = YES;
				CLANG_WARN_CONSTANT_CONVERSION = YES;
				CLANG_WARN_DEPRECATED_OBJC_IMPLEMENTATIONS = YES;
				CLANG_WARN_DIRECT_OBJC_ISA_USAGE = YES_ERROR;
				CLANG_WARN_DOCUMENTATION_COMMENTS = YES;
				CLANG_WARN_EMPTY_BODY = YES;
				CLANG_WARN_ENUM_CONVERSION = YES;
				CLANG_WARN_INFINITE_RECURSION = YES;
				CLANG_WARN_INT_CONVERSION = YES;
				CLANG_WARN_NON_LITERAL_NULL_CONVERSION = YES;
				CLANG_WARN_OBJC_IMPLICIT_RETAIN_SELF = YES;
				CLANG_WARN_OBJC_LITERAL_CONVERSION = YES;
				CLANG_WARN_OBJC_ROOT_CLASS = YES_ERROR;
				CLANG_WARN_QUOTED_INCLUDE_IN_FRAMEWORK_HEADER = YES;
				CLANG_WARN_RANGE_LOOP_ANALYSIS = YES;
				CLANG_WARN_STRICT_PROTOTYPES = YES;
				CLANG_WARN_SUSPICIOUS_MOVE = YES;
				CLANG_WARN_UNGUARDED_AVAILABILITY = YES_AGGRESSIVE;
				CLANG_WARN_UNREACHABLE_CODE = YES;
				CLANG_WARN__DUPLICATE_METHOD_MATCH = YES;
				COPY_PHASE_STRIP = NO;
				DEBUG_INFORMATION_FORMAT = dwarf;
				ENABLE_STRICT_OBJC_MSGSEND = YES;
				ENABLE_TESTABILITY = YES;
				GCC_C_LANGUAGE_STANDARD = gnu11;
				GCC_DYNAMIC_NO_PIC = NO;
				GCC_NO_COMMON_BLOCKS = YES;
				GCC_OPTIMIZATION_LEVEL = 0;
				GCC_PREPROCESSOR_DEFINITIONS = (
					"DEBUG=1",
					"$(inherited)",
				);
				GCC_WARN_64_TO_32_BIT_CONVERSION = YES;
				GCC_WARN_ABOUT_RETURN_TYPE = YES_ERROR;
				GCC_WARN_UNDECLARED_SELECTOR = YES;
				GCC_WARN_UNINITIALIZED_AUTOS = YES_AGGRESSIVE;
				GCC_WARN_UNUSED_FUNCTION = YES;
				GCC_WARN_UNUSED_VARIABLE = YES;
				IPHONEOS_DEPLOYMENT_TARGET = 16.2;
				MTL_ENABLE_DEBUG_INFO = INCLUDE_SOURCE;
				MTL_FAST_MATH = YES;
				ONLY_ACTIVE_ARCH = YES;
				SDKROOT = iphoneos;
				SWIFT_ACTIVE_COMPILATION_CONDITIONS = DEBUG;
				SWIFT_OPTIMIZATION_LEVEL = "-Onone";
			};
			name = Debug;
		};
		1923A2FC2AC09856000A3B01 /* Release */ = {
			isa = XCBuildConfiguration;
			buildSettings = {
				ALWAYS_SEARCH_USER_PATHS = NO;
				CLANG_ANALYZER_NONNULL = YES;
				CLANG_ANALYZER_NUMBER_OBJECT_CONVERSION = YES_AGGRESSIVE;
				CLANG_CXX_LANGUAGE_STANDARD = "gnu++20";
				CLANG_ENABLE_MODULES = YES;
				CLANG_ENABLE_OBJC_ARC = YES;
				CLANG_ENABLE_OBJC_WEAK = YES;
				CLANG_WARN_BLOCK_CAPTURE_AUTORELEASING = YES;
				CLANG_WARN_BOOL_CONVERSION = YES;
				CLANG_WARN_COMMA = YES;
				CLANG_WARN_CONSTANT_CONVERSION = YES;
				CLANG_WARN_DEPRECATED_OBJC_IMPLEMENTATIONS = YES;
				CLANG_WARN_DIRECT_OBJC_ISA_USAGE = YES_ERROR;
				CLANG_WARN_DOCUMENTATION_COMMENTS = YES;
				CLANG_WARN_EMPTY_BODY = YES;
				CLANG_WARN_ENUM_CONVERSION = YES;
				CLANG_WARN_INFINITE_RECURSION = YES;
				CLANG_WARN_INT_CONVERSION = YES;
				CLANG_WARN_NON_LITERAL_NULL_CONVERSION = YES;
				CLANG_WARN_OBJC_IMPLICIT_RETAIN_SELF = YES;
				CLANG_WARN_OBJC_LITERAL_CONVERSION = YES;
				CLANG_WARN_OBJC_ROOT_CLASS = YES_ERROR;
				CLANG_WARN_QUOTED_INCLUDE_IN_FRAMEWORK_HEADER = YES;
				CLANG_WARN_RANGE_LOOP_ANALYSIS = YES;
				CLANG_WARN_STRICT_PROTOTYPES = YES;
				CLANG_WARN_SUSPICIOUS_MOVE = YES;
				CLANG_WARN_UNGUARDED_AVAILABILITY = YES_AGGRESSIVE;
				CLANG_WARN_UNREACHABLE_CODE = YES;
				CLANG_WARN__DUPLICATE_METHOD_MATCH = YES;
				COPY_PHASE_STRIP = NO;
				DEBUG_INFORMATION_FORMAT = "dwarf-with-dsym";
				ENABLE_NS_ASSERTIONS = NO;
				ENABLE_STRICT_OBJC_MSGSEND = YES;
				GCC_C_LANGUAGE_STANDARD = gnu11;
				GCC_NO_COMMON_BLOCKS = YES;
				GCC_WARN_64_TO_32_BIT_CONVERSION = YES;
				GCC_WARN_ABOUT_RETURN_TYPE = YES_ERROR;
				GCC_WARN_UNDECLARED_SELECTOR = YES;
				GCC_WARN_UNINITIALIZED_AUTOS = YES_AGGRESSIVE;
				GCC_WARN_UNUSED_FUNCTION = YES;
				GCC_WARN_UNUSED_VARIABLE = YES;
				IPHONEOS_DEPLOYMENT_TARGET = 16.2;
				MTL_ENABLE_DEBUG_INFO = NO;
				MTL_FAST_MATH = YES;
				SDKROOT = iphoneos;
				SWIFT_COMPILATION_MODE = wholemodule;
				SWIFT_OPTIMIZATION_LEVEL = "-O";
				VALIDATE_PRODUCT = YES;
			};
			name = Release;
		};
		1923A2FE2AC09856000A3B01 /* Debug */ = {
			isa = XCBuildConfiguration;
			buildSettings = {
				ASSETCATALOG_COMPILER_APPICON_NAME = AppIcon;
				ASSETCATALOG_COMPILER_GLOBAL_ACCENT_COLOR_NAME = AccentColor;
				CODE_SIGN_STYLE = Automatic;
				CURRENT_PROJECT_VERSION = 1;
				DEVELOPMENT_ASSET_PATHS = "\"Swavish Software/Preview Content\"";
				ENABLE_PREVIEWS = YES;
				GENERATE_INFOPLIST_FILE = YES;
				INFOPLIST_KEY_UIApplicationSceneManifest_Generation = YES;
				INFOPLIST_KEY_UIApplicationSupportsIndirectInputEvents = YES;
				INFOPLIST_KEY_UILaunchScreen_Generation = YES;
				INFOPLIST_KEY_UISupportedInterfaceOrientations = UIInterfaceOrientationPortrait;
				INFOPLIST_KEY_UISupportedInterfaceOrientations_iPad = "UIInterfaceOrientationPortrait UIInterfaceOrientationPortraitUpsideDown";
				LD_RUNPATH_SEARCH_PATHS = (
					"$(inherited)",
					"@executable_path/Frameworks",
				);
				MARKETING_VERSION = 1.0;
				PRODUCT_BUNDLE_IDENTIFIER = "nishantminerva.Swavish-Software";
				PRODUCT_NAME = "$(TARGET_NAME)";
				SUPPORTED_PLATFORMS = "iphoneos iphonesimulator";
				SUPPORTS_MACCATALYST = NO;
				SUPPORTS_MAC_DESIGNED_FOR_IPHONE_IPAD = NO;
				SWIFT_EMIT_LOC_STRINGS = YES;
				SWIFT_VERSION = 5.0;
				TARGETED_DEVICE_FAMILY = "1,2";
			};
			name = Debug;
		};
		1923A2FF2AC09856000A3B01 /* Release */ = {
			isa = XCBuildConfiguration;
			buildSettings = {
				ASSETCATALOG_COMPILER_APPICON_NAME = AppIcon;
				ASSETCATALOG_COMPILER_GLOBAL_ACCENT_COLOR_NAME = AccentColor;
				CODE_SIGN_STYLE = Automatic;
				CURRENT_PROJECT_VERSION = 1;
				DEVELOPMENT_ASSET_PATHS = "\"Swavish Software/Preview Content\"";
				ENABLE_PREVIEWS = YES;
				GENERATE_INFOPLIST_FILE = YES;
				INFOPLIST_KEY_UIApplicationSceneManifest_Generation = YES;
				INFOPLIST_KEY_UIApplicationSupportsIndirectInputEvents = YES;
				INFOPLIST_KEY_UILaunchScreen_Generation = YES;
				INFOPLIST_KEY_UISupportedInterfaceOrientations = UIInterfaceOrientationPortrait;
				INFOPLIST_KEY_UISupportedInterfaceOrientations_iPad = "UIInterfaceOrientationPortrait UIInterfaceOrientationPortraitUpsideDown";
				LD_RUNPATH_SEARCH_PATHS = (
					"$(inherited)",
					"@executable_path/Frameworks",
				);
				MARKETING_VERSION = 1.0;
				PRODUCT_BUNDLE_IDENTIFIER = "nishantminerva.Swavish-Software";
				PRODUCT_NAME = "$(TARGET_NAME)";
				SUPPORTED_PLATFORMS = "iphoneos iphonesimulator";
				SUPPORTS_MACCATALYST = NO;
				SUPPORTS_MAC_DESIGNED_FOR_IPHONE_IPAD = NO;
				SWIFT_EMIT_LOC_STRINGS = YES;
				SWIFT_VERSION = 5.0;
				TARGETED_DEVICE_FAMILY = "1,2";
			};
			name = Release;
		};
/* End XCBuildConfiguration section */

/* Begin XCConfigurationList section */
		1923A2EA2AC09853000A3B01 /* Build configuration list for PBXProject "Swavish Software" */ = {
			isa = XCConfigurationList;
			buildConfigurations = (
				1923A2FB2AC09856000A3B01 /* Debug */,
				1923A2FC2AC09856000A3B01 /* Release */,
			);
			defaultConfigurationIsVisible = 0;
			defaultConfigurationName = Release;
		};
		1923A2FD2AC09856000A3B01 /* Build configuration list for PBXNativeTarget "Swavish Software" */ = {
			isa = XCConfigurationList;
			buildConfigurations = (
				1923A2FE2AC09856000A3B01 /* Debug */,
				1923A2FF2AC09856000A3B01 /* Release */,
			);
			defaultConfigurationIsVisible = 0;
			defaultConfigurationName = Release;
		};
/* End XCConfigurationList section */

/* Begin XCRemoteSwiftPackageReference section */
		1923A31A2AC09BDF000A3B01 /* XCRemoteSwiftPackageReference "firebase-ios-sdk" */ = {
			isa = XCRemoteSwiftPackageReference;
			repositoryURL = "https://github.com/firebase/firebase-ios-sdk";
			requirement = {
				branch = master;
				kind = branch;
			};
		};
/* End XCRemoteSwiftPackageReference section */

/* Begin XCSwiftPackageProductDependency section */
		1923A31B2AC09BDF000A3B01 /* FirebaseAuth */ = {
			isa = XCSwiftPackageProductDependency;
			package = 1923A31A2AC09BDF000A3B01 /* XCRemoteSwiftPackageReference "firebase-ios-sdk" */;
			productName = FirebaseAuth;
		};
		1923A31D2AC09BDF000A3B01 /* FirebaseFirestore */ = {
			isa = XCSwiftPackageProductDependency;
			package = 1923A31A2AC09BDF000A3B01 /* XCRemoteSwiftPackageReference "firebase-ios-sdk" */;
			productName = FirebaseFirestore;
		};
		1923A31F2AC09BDF000A3B01 /* FirebaseFirestoreSwift */ = {
			isa = XCSwiftPackageProductDependency;
			package = 1923A31A2AC09BDF000A3B01 /* XCRemoteSwiftPackageReference "firebase-ios-sdk" */;
			productName = FirebaseFirestoreSwift;
		};
		19BE1E072AC138B300A43B2D /* FirebaseDatabase */ = {
			isa = XCSwiftPackageProductDependency;
			package = 1923A31A2AC09BDF000A3B01 /* XCRemoteSwiftPackageReference "firebase-ios-sdk" */;
			productName = FirebaseDatabase;
		};
		19BE1E092AC138B300A43B2D /* FirebaseDatabaseSwift */ = {
			isa = XCSwiftPackageProductDependency;
			package = 1923A31A2AC09BDF000A3B01 /* XCRemoteSwiftPackageReference "firebase-ios-sdk" */;
			productName = FirebaseDatabaseSwift;
		};
/* End XCSwiftPackageProductDependency section */
	};
	rootObject = 1923A2E72AC09853000A3B01 /* Project object */;
}
